// !$*UTF8*$!
{
	archiveVersion = 1;
	classes = {
	};
	objectVersion = 46;
	objects = {

/* Begin PBXBuildFile section */
		A5584D7118D123BC001B58BB /* Foundation.framework in Frameworks */ = {isa = PBXBuildFile; fileRef = A5584D7018D123BC001B58BB /* Foundation.framework */; };
		A5584D7318D123BC001B58BB /* CoreGraphics.framework in Frameworks */ = {isa = PBXBuildFile; fileRef = A5584D7218D123BC001B58BB /* CoreGraphics.framework */; };
		A5584D7518D123BC001B58BB /* UIKit.framework in Frameworks */ = {isa = PBXBuildFile; fileRef = A5584D7418D123BC001B58BB /* UIKit.framework */; };
		A5584D7B18D123BC001B58BB /* InfoPlist.strings in Resources */ = {isa = PBXBuildFile; fileRef = A5584D7918D123BC001B58BB /* InfoPlist.strings */; };
		A5584D7D18D123BC001B58BB /* main.m in Sources */ = {isa = PBXBuildFile; fileRef = A5584D7C18D123BC001B58BB /* main.m */; };
		A5584D8118D123BC001B58BB /* PotentiostatAppDelegate.m in Sources */ = {isa = PBXBuildFile; fileRef = A5584D8018D123BC001B58BB /* PotentiostatAppDelegate.m */; };
		A5584D8418D123BC001B58BB /* Main.storyboard in Resources */ = {isa = PBXBuildFile; fileRef = A5584D8218D123BC001B58BB /* Main.storyboard */; };
		A5584D8718D123BC001B58BB /* PotentiostatViewController.m in Sources */ = {isa = PBXBuildFile; fileRef = A5584D8618D123BC001B58BB /* PotentiostatViewController.m */; };
		A5584D8918D123BC001B58BB /* Images.xcassets in Resources */ = {isa = PBXBuildFile; fileRef = A5584D8818D123BC001B58BB /* Images.xcassets */; };
		A5584D9018D123BC001B58BB /* XCTest.framework in Frameworks */ = {isa = PBXBuildFile; fileRef = A5584D8F18D123BC001B58BB /* XCTest.framework */; };
		A5584D9118D123BC001B58BB /* Foundation.framework in Frameworks */ = {isa = PBXBuildFile; fileRef = A5584D7018D123BC001B58BB /* Foundation.framework */; };
		A5584D9218D123BC001B58BB /* UIKit.framework in Frameworks */ = {isa = PBXBuildFile; fileRef = A5584D7418D123BC001B58BB /* UIKit.framework */; };
		A5584D9A18D123BC001B58BB /* InfoPlist.strings in Resources */ = {isa = PBXBuildFile; fileRef = A5584D9818D123BC001B58BB /* InfoPlist.strings */; };
		A5584D9C18D123BC001B58BB /* PotentiostatTests.m in Sources */ = {isa = PBXBuildFile; fileRef = A5584D9B18D123BC001B58BB /* PotentiostatTests.m */; };
/* End PBXBuildFile section */

/* Begin PBXContainerItemProxy section */
		A5584D9318D123BC001B58BB /* PBXContainerItemProxy */ = {
			isa = PBXContainerItemProxy;
			containerPortal = A5584D6518D123BB001B58BB /* Project object */;
			proxyType = 1;
			remoteGlobalIDString = A5584D6C18D123BC001B58BB;
			remoteInfo = Potentiostat;
		};
/* End PBXContainerItemProxy section */

/* Begin PBXFileReference section */
		A5584D6D18D123BC001B58BB /* Potentiostat.app */ = {isa = PBXFileReference; explicitFileType = wrapper.application; includeInIndex = 0; path = Potentiostat.app; sourceTree = BUILT_PRODUCTS_DIR; };
		A5584D7018D123BC001B58BB /* Foundation.framework */ = {isa = PBXFileReference; lastKnownFileType = wrapper.framework; name = Foundation.framework; path = System/Library/Frameworks/Foundation.framework; sourceTree = SDKROOT; };
		A5584D7218D123BC001B58BB /* CoreGraphics.framework */ = {isa = PBXFileReference; lastKnownFileType = wrapper.framework; name = CoreGraphics.framework; path = System/Library/Frameworks/CoreGraphics.framework; sourceTree = SDKROOT; };
		A5584D7418D123BC001B58BB /* UIKit.framework */ = {isa = PBXFileReference; lastKnownFileType = wrapper.framework; name = UIKit.framework; path = System/Library/Frameworks/UIKit.framework; sourceTree = SDKROOT; };
		A5584D7818D123BC001B58BB /* Potentiostat-Info.plist */ = {isa = PBXFileReference; lastKnownFileType = text.plist.xml; path = "Potentiostat-Info.plist"; sourceTree = "<group>"; };
		A5584D7A18D123BC001B58BB /* en */ = {isa = PBXFileReference; lastKnownFileType = text.plist.strings; name = en; path = en.lproj/InfoPlist.strings; sourceTree = "<group>"; };
		A5584D7C18D123BC001B58BB /* main.m */ = {isa = PBXFileReference; lastKnownFileType = sourcecode.c.objc; path = main.m; sourceTree = "<group>"; };
		A5584D7E18D123BC001B58BB /* Potentiostat-Prefix.pch */ = {isa = PBXFileReference; lastKnownFileType = sourcecode.c.h; path = "Potentiostat-Prefix.pch"; sourceTree = "<group>"; };
		A5584D7F18D123BC001B58BB /* PotentiostatAppDelegate.h */ = {isa = PBXFileReference; lastKnownFileType = sourcecode.c.h; path = PotentiostatAppDelegate.h; sourceTree = "<group>"; };
		A5584D8018D123BC001B58BB /* PotentiostatAppDelegate.m */ = {isa = PBXFileReference; lastKnownFileType = sourcecode.c.objc; path = PotentiostatAppDelegate.m; sourceTree = "<group>"; };
		A5584D8318D123BC001B58BB /* Base */ = {isa = PBXFileReference; lastKnownFileType = file.storyboard; name = Base; path = Base.lproj/Main.storyboard; sourceTree = "<group>"; };
		A5584D8518D123BC001B58BB /* PotentiostatViewController.h */ = {isa = PBXFileReference; lastKnownFileType = sourcecode.c.h; path = PotentiostatViewController.h; sourceTree = "<group>"; };
		A5584D8618D123BC001B58BB /* PotentiostatViewController.m */ = {isa = PBXFileReference; lastKnownFileType = sourcecode.c.objc; path = PotentiostatViewController.m; sourceTree = "<group>"; };
		A5584D8818D123BC001B58BB /* Images.xcassets */ = {isa = PBXFileReference; lastKnownFileType = folder.assetcatalog; path = Images.xcassets; sourceTree = "<group>"; };
		A5584D8E18D123BC001B58BB /* PotentiostatTests.xctest */ = {isa = PBXFileReference; explicitFileType = wrapper.cfbundle; includeInIndex = 0; path = PotentiostatTests.xctest; sourceTree = BUILT_PRODUCTS_DIR; };
		A5584D8F18D123BC001B58BB /* XCTest.framework */ = {isa = PBXFileReference; lastKnownFileType = wrapper.framework; name = XCTest.framework; path = Library/Frameworks/XCTest.framework; sourceTree = DEVELOPER_DIR; };
		A5584D9718D123BC001B58BB /* PotentiostatTests-Info.plist */ = {isa = PBXFileReference; lastKnownFileType = text.plist.xml; path = "PotentiostatTests-Info.plist"; sourceTree = "<group>"; };
		A5584D9918D123BC001B58BB /* en */ = {isa = PBXFileReference; lastKnownFileType = text.plist.strings; name = en; path = en.lproj/InfoPlist.strings; sourceTree = "<group>"; };
		A5584D9B18D123BC001B58BB /* PotentiostatTests.m */ = {isa = PBXFileReference; lastKnownFileType = sourcecode.c.objc; path = PotentiostatTests.m; sourceTree = "<group>"; };
/* End PBXFileReference section */

/* Begin PBXFrameworksBuildPhase section */
		A5584D6A18D123BC001B58BB /* Frameworks */ = {
			isa = PBXFrameworksBuildPhase;
			buildActionMask = 2147483647;
			files = (
				A5584D7318D123BC001B58BB /* CoreGraphics.framework in Frameworks */,
				A5584D7518D123BC001B58BB /* UIKit.framework in Frameworks */,
				A5584D7118D123BC001B58BB /* Foundation.framework in Frameworks */,
			);
			runOnlyForDeploymentPostprocessing = 0;
		};
		A5584D8B18D123BC001B58BB /* Frameworks */ = {
			isa = PBXFrameworksBuildPhase;
			buildActionMask = 2147483647;
			files = (
				A5584D9018D123BC001B58BB /* XCTest.framework in Frameworks */,
				A5584D9218D123BC001B58BB /* UIKit.framework in Frameworks */,
				A5584D9118D123BC001B58BB /* Foundation.framework in Frameworks */,
			);
			runOnlyForDeploymentPostprocessing = 0;
		};
/* End PBXFrameworksBuildPhase section */

/* Begin PBXGroup section */
		A5584D6418D123BB001B58BB = {
			isa = PBXGroup;
			children = (
				A5584D7618D123BC001B58BB /* Potentiostat */,
				A5584D9518D123BC001B58BB /* PotentiostatTests */,
				A5584D6F18D123BC001B58BB /* Frameworks */,
				A5584D6E18D123BC001B58BB /* Products */,
			);
			sourceTree = "<group>";
		};
		A5584D6E18D123BC001B58BB /* Products */ = {
			isa = PBXGroup;
			children = (
				A5584D6D18D123BC001B58BB /* Potentiostat.app */,
				A5584D8E18D123BC001B58BB /* PotentiostatTests.xctest */,
			);
			name = Products;
			sourceTree = "<group>";
		};
		A5584D6F18D123BC001B58BB /* Frameworks */ = {
			isa = PBXGroup;
			children = (
				A5584D7018D123BC001B58BB /* Foundation.framework */,
				A5584D7218D123BC001B58BB /* CoreGraphics.framework */,
				A5584D7418D123BC001B58BB /* UIKit.framework */,
				A5584D8F18D123BC001B58BB /* XCTest.framework */,
			);
			name = Frameworks;
			sourceTree = "<group>";
		};
		A5584D7618D123BC001B58BB /* Potentiostat */ = {
			isa = PBXGroup;
			children = (
				A5584D7F18D123BC001B58BB /* PotentiostatAppDelegate.h */,
				A5584D8018D123BC001B58BB /* PotentiostatAppDelegate.m */,
				A5584D8218D123BC001B58BB /* Main.storyboard */,
				A5584D8518D123BC001B58BB /* PotentiostatViewController.h */,
				A5584D8618D123BC001B58BB /* PotentiostatViewController.m */,
				A5584D8818D123BC001B58BB /* Images.xcassets */,
				A5584D7718D123BC001B58BB /* Supporting Files */,
			);
			path = Potentiostat;
			sourceTree = "<group>";
		};
		A5584D7718D123BC001B58BB /* Supporting Files */ = {
			isa = PBXGroup;
			children = (
				A5584D7818D123BC001B58BB /* Potentiostat-Info.plist */,
				A5584D7918D123BC001B58BB /* InfoPlist.strings */,
				A5584D7C18D123BC001B58BB /* main.m */,
				A5584D7E18D123BC001B58BB /* Potentiostat-Prefix.pch */,
			);
			name = "Supporting Files";
			sourceTree = "<group>";
		};
		A5584D9518D123BC001B58BB /* PotentiostatTests */ = {
			isa = PBXGroup;
			children = (
				A5584D9B18D123BC001B58BB /* PotentiostatTests.m */,
				A5584D9618D123BC001B58BB /* Supporting Files */,
			);
			path = PotentiostatTests;
			sourceTree = "<group>";
		};
		A5584D9618D123BC001B58BB /* Supporting Files */ = {
			isa = PBXGroup;
			children = (
				A5584D9718D123BC001B58BB /* PotentiostatTests-Info.plist */,
				A5584D9818D123BC001B58BB /* InfoPlist.strings */,
			);
			name = "Supporting Files";
			sourceTree = "<group>";
		};
/* End PBXGroup section */

/* Begin PBXNativeTarget section */
		A5584D6C18D123BC001B58BB /* Potentiostat */ = {
			isa = PBXNativeTarget;
			buildConfigurationList = A5584D9F18D123BC001B58BB /* Build configuration list for PBXNativeTarget "Potentiostat" */;
			buildPhases = (
				A5584D6918D123BC001B58BB /* Sources */,
				A5584D6A18D123BC001B58BB /* Frameworks */,
				A5584D6B18D123BC001B58BB /* Resources */,
			);
			buildRules = (
			);
			dependencies = (
			);
			name = Potentiostat;
			productName = Potentiostat;
			productReference = A5584D6D18D123BC001B58BB /* Potentiostat.app */;
			productType = "com.apple.product-type.application";
		};
		A5584D8D18D123BC001B58BB /* PotentiostatTests */ = {
			isa = PBXNativeTarget;
			buildConfigurationList = A5584DA218D123BC001B58BB /* Build configuration list for PBXNativeTarget "PotentiostatTests" */;
			buildPhases = (
				A5584D8A18D123BC001B58BB /* Sources */,
				A5584D8B18D123BC001B58BB /* Frameworks */,
				A5584D8C18D123BC001B58BB /* Resources */,
			);
			buildRules = (
			);
			dependencies = (
				A5584D9418D123BC001B58BB /* PBXTargetDependency */,
			);
			name = PotentiostatTests;
			productName = PotentiostatTests;
			productReference = A5584D8E18D123BC001B58BB /* PotentiostatTests.xctest */;
			productType = "com.apple.product-type.bundle.unit-test";
		};
/* End PBXNativeTarget section */

/* Begin PBXProject section */
		A5584D6518D123BB001B58BB /* Project object */ = {
			isa = PBXProject;
			attributes = {
				CLASSPREFIX = Potentiostat;
				LastUpgradeCheck = 0510;
				ORGANIZATIONNAME = "Lorin Melander";
				TargetAttributes = {
					A5584D8D18D123BC001B58BB = {
						TestTargetID = A5584D6C18D123BC001B58BB;
					};
				};
			};
			buildConfigurationList = A5584D6818D123BB001B58BB /* Build configuration list for PBXProject "Potentiostat" */;
			compatibilityVersion = "Xcode 3.2";
			developmentRegion = English;
			hasScannedForEncodings = 0;
			knownRegions = (
				en,
				Base,
			);
			mainGroup = A5584D6418D123BB001B58BB;
			productRefGroup = A5584D6E18D123BC001B58BB /* Products */;
			projectDirPath = "";
			projectRoot = "";
			targets = (
				A5584D6C18D123BC001B58BB /* Potentiostat */,
				A5584D8D18D123BC001B58BB /* PotentiostatTests */,
			);
		};
/* End PBXProject section */

/* Begin PBXResourcesBuildPhase section */
		A5584D6B18D123BC001B58BB /* Resources */ = {
			isa = PBXResourcesBuildPhase;
			buildActionMask = 2147483647;
			files = (
				A5584D8918D123BC001B58BB /* Images.xcassets in Resources */,
				A5584D7B18D123BC001B58BB /* InfoPlist.strings in Resources */,
				A5584D8418D123BC001B58BB /* Main.storyboard in Resources */,
			);
			runOnlyForDeploymentPostprocessing = 0;
		};
		A5584D8C18D123BC001B58BB /* Resources */ = {
			isa = PBXResourcesBuildPhase;
			buildActionMask = 2147483647;
			files = (
				A5584D9A18D123BC001B58BB /* InfoPlist.strings in Resources */,
			);
			runOnlyForDeploymentPostprocessing = 0;
		};
/* End PBXResourcesBuildPhase section */

/* Begin PBXSourcesBuildPhase section */
		A5584D6918D123BC001B58BB /* Sources */ = {
			isa = PBXSourcesBuildPhase;
			buildActionMask = 2147483647;
			files = (
				A5584D8718D123BC001B58BB /* PotentiostatViewController.m in Sources */,
				A5584D8118D123BC001B58BB /* PotentiostatAppDelegate.m in Sources */,
				A5584D7D18D123BC001B58BB /* main.m in Sources */,
			);
			runOnlyForDeploymentPostprocessing = 0;
		};
		A5584D8A18D123BC001B58BB /* Sources */ = {
			isa = PBXSourcesBuildPhase;
			buildActionMask = 2147483647;
			files = (
				A5584D9C18D123BC001B58BB /* PotentiostatTests.m in Sources */,
			);
			runOnlyForDeploymentPostprocessing = 0;
		};
/* End PBXSourcesBuildPhase section */

/* Begin PBXTargetDependency section */
		A5584D9418D123BC001B58BB /* PBXTargetDependency */ = {
			isa = PBXTargetDependency;
			target = A5584D6C18D123BC001B58BB /* Potentiostat */;
			targetProxy = A5584D9318D123BC001B58BB /* PBXContainerItemProxy */;
		};
/* End PBXTargetDependency section */

/* Begin PBXVariantGroup section */
		A5584D7918D123BC001B58BB /* InfoPlist.strings */ = {
			isa = PBXVariantGroup;
			children = (
				A5584D7A18D123BC001B58BB /* en */,
			);
			name = InfoPlist.strings;
			sourceTree = "<group>";
		};
		A5584D8218D123BC001B58BB /* Main.storyboard */ = {
			isa = PBXVariantGroup;
			children = (
				A5584D8318D123BC001B58BB /* Base */,
			);
			name = Main.storyboard;
			sourceTree = "<group>";
		};
		A5584D9818D123BC001B58BB /* InfoPlist.strings */ = {
			isa = PBXVariantGroup;
			children = (
				A5584D9918D123BC001B58BB /* en */,
			);
			name = InfoPlist.strings;
			sourceTree = "<group>";
		};
/* End PBXVariantGroup section */

/* Begin XCBuildConfiguration section */
		A5584D9D18D123BC001B58BB /* Debug */ = {
			isa = XCBuildConfiguration;
			buildSettings = {
				ALWAYS_SEARCH_USER_PATHS = NO;
				CLANG_CXX_LANGUAGE_STANDARD = "gnu++0x";
				CLANG_CXX_LIBRARY = "libc++";
				CLANG_ENABLE_MODULES = YES;
				CLANG_ENABLE_OBJC_ARC = YES;
				CLANG_WARN_BOOL_CONVERSION = YES;
				CLANG_WARN_CONSTANT_CONVERSION = YES;
				CLANG_WARN_DIRECT_OBJC_ISA_USAGE = YES_ERROR;
				CLANG_WARN_EMPTY_BODY = YES;
				CLANG_WARN_ENUM_CONVERSION = YES;
				CLANG_WARN_INT_CONVERSION = YES;
				CLANG_WARN_OBJC_ROOT_CLASS = YES_ERROR;
				CLANG_WARN__DUPLICATE_METHOD_MATCH = YES;
				"CODE_SIGN_IDENTITY[sdk=iphoneos*]" = "iPhone Developer";
				COPY_PHASE_STRIP = NO;
				GCC_C_LANGUAGE_STANDARD = gnu99;
				GCC_DYNAMIC_NO_PIC = NO;
				GCC_OPTIMIZATION_LEVEL = 0;
				GCC_PREPROCESSOR_DEFINITIONS = (
					"DEBUG=1",
					"$(inherited)",
				);
				GCC_SYMBOLS_PRIVATE_EXTERN = NO;
				GCC_WARN_64_TO_32_BIT_CONVERSION = YES;
				GCC_WARN_ABOUT_RETURN_TYPE = YES_ERROR;
				GCC_WARN_UNDECLARED_SELECTOR = YES;
				GCC_WARN_UNINITIALIZED_AUTOS = YES_AGGRESSIVE;
				GCC_WARN_UNUSED_FUNCTION = YES;
				GCC_WARN_UNUSED_VARIABLE = YES;
				IPHONEOS_DEPLOYMENT_TARGET = 7.1;
				ONLY_ACTIVE_ARCH = YES;
				SDKROOT = iphoneos;
			};
			name = Debug;
		};
		A5584D9E18D123BC001B58BB /* Release */ = {
			isa = XCBuildConfiguration;
			buildSettings = {
				ALWAYS_SEARCH_USER_PATHS = NO;
				CLANG_CXX_LANGUAGE_STANDARD = "gnu++0x";
				CLANG_CXX_LIBRARY = "libc++";
				CLANG_ENABLE_MODULES = YES;
				CLANG_ENABLE_OBJC_ARC = YES;
				CLANG_WARN_BOOL_CONVERSION = YES;
				CLANG_WARN_CONSTANT_CONVERSION = YES;
				CLANG_WARN_DIRECT_OBJC_ISA_USAGE = YES_ERROR;
				CLANG_WARN_EMPTY_BODY = YES;
				CLANG_WARN_ENUM_CONVERSION = YES;
				CLANG_WARN_INT_CONVERSION = YES;
				CLANG_WARN_OBJC_ROOT_CLASS = YES_ERROR;
				CLANG_WARN__DUPLICATE_METHOD_MATCH = YES;
				"CODE_SIGN_IDENTITY[sdk=iphoneos*]" = "iPhone Developer";
				COPY_PHASE_STRIP = YES;
				ENABLE_NS_ASSERTIONS = NO;
				GCC_C_LANGUAGE_STANDARD = gnu99;
				GCC_WARN_64_TO_32_BIT_CONVERSION = YES;
				GCC_WARN_ABOUT_RETURN_TYPE = YES_ERROR;
				GCC_WARN_UNDECLARED_SELECTOR = YES;
				GCC_WARN_UNINITIALIZED_AUTOS = YES_AGGRESSIVE;
				GCC_WARN_UNUSED_FUNCTION = YES;
				GCC_WARN_UNUSED_VARIABLE = YES;
				IPHONEOS_DEPLOYMENT_TARGET = 7.1;
				SDKROOT = iphoneos;
				VALIDATE_PRODUCT = YES;
			};
			name = Release;
		};
		A5584DA018D123BC001B58BB /* Debug */ = {
			isa = XCBuildConfiguration;
			buildSettings = {
				ASSETCATALOG_COMPILER_APPICON_NAME = AppIcon;
				ASSETCATALOG_COMPILER_LAUNCHIMAGE_NAME = LaunchImage;
				GCC_PRECOMPILE_PREFIX_HEADER = YES;
				GCC_PREFIX_HEADER = "Potentiostat/Potentiostat-Prefix.pch";
				INFOPLIST_FILE = "Potentiostat/Potentiostat-Info.plist";
				PRODUCT_NAME = "$(TARGET_NAME)";
				WRAPPER_EXTENSION = app;
			};
			name = Debug;
		};
		A5584DA118D123BC001B58BB /* Release */ = {
			isa = XCBuildConfiguration;
			buildSettings = {
				ASSETCATALOG_COMPILER_APPICON_NAME = AppIcon;
				ASSETCATALOG_COMPILER_LAUNCHIMAGE_NAME = LaunchImage;
				GCC_PRECOMPILE_PREFIX_HEADER = YES;
				GCC_PREFIX_HEADER = "Potentiostat/Potentiostat-Prefix.pch";
				INFOPLIST_FILE = "Potentiostat/Potentiostat-Info.plist";
				PRODUCT_NAME = "$(TARGET_NAME)";
				WRAPPER_EXTENSION = app;
			};
			name = Release;
		};
		A5584DA318D123BC001B58BB /* Debug */ = {
			isa = XCBuildConfiguration;
			buildSettings = {
				BUNDLE_LOADER = "$(BUILT_PRODUCTS_DIR)/Potentiostat.app/Potentiostat";
				FRAMEWORK_SEARCH_PATHS = (
					"$(SDKROOT)/Developer/Library/Frameworks",
					"$(inherited)",
					"$(DEVELOPER_FRAMEWORKS_DIR)",
				);
				GCC_PRECOMPILE_PREFIX_HEADER = YES;
				GCC_PREFIX_HEADER = "Potentiostat/Potentiostat-Prefix.pch";
				GCC_PREPROCESSOR_DEFINITIONS = (
					"DEBUG=1",
					"$(inherited)",
				);
				INFOPLIST_FILE = "PotentiostatTests/PotentiostatTests-Info.plist";
				PRODUCT_NAME = "$(TARGET_NAME)";
				TEST_HOST = "$(BUNDLE_LOADER)";
				WRAPPER_EXTENSION = xctest;
			};
			name = Debug;
		};
		A5584DA418D123BC001B58BB /* Release */ = {
			isa = XCBuildConfiguration;
			buildSettings = {
				BUNDLE_LOADER = "$(BUILT_PRODUCTS_DIR)/Potentiostat.app/Potentiostat";
				FRAMEWORK_SEARCH_PATHS = (
					"$(SDKROOT)/Developer/Library/Frameworks",
					"$(inherited)",
					"$(DEVELOPER_FRAMEWORKS_DIR)",
				);
				GCC_PRECOMPILE_PREFIX_HEADER = YES;
				GCC_PREFIX_HEADER = "Potentiostat/Potentiostat-Prefix.pch";
				INFOPLIST_FILE = "PotentiostatTests/PotentiostatTests-Info.plist";
				PRODUCT_NAME = "$(TARGET_NAME)";
				TEST_HOST = "$(BUNDLE_LOADER)";
				WRAPPER_EXTENSION = xctest;
			};
			name = Release;
		};
/* End XCBuildConfiguration section */

/* Begin XCConfigurationList section */
		A5584D6818D123BB001B58BB /* Build configuration list for PBXProject "Potentiostat" */ = {
			isa = XCConfigurationList;
			buildConfigurations = (
				A5584D9D18D123BC001B58BB /* Debug */,
				A5584D9E18D123BC001B58BB /* Release */,
			);
			defaultConfigurationIsVisible = 0;
			defaultConfigurationName = Release;
		};
		A5584D9F18D123BC001B58BB /* Build configuration list for PBXNativeTarget "Potentiostat" */ = {
			isa = XCConfigurationList;
			buildConfigurations = (
				A5584DA018D123BC001B58BB /* Debug */,
				A5584DA118D123BC001B58BB /* Release */,
			);
			defaultConfigurationIsVisible = 0;
		};
		A5584DA218D123BC001B58BB /* Build configuration list for PBXNativeTarget "PotentiostatTests" */ = {
			isa = XCConfigurationList;
			buildConfigurations = (
				A5584DA318D123BC001B58BB /* Debug */,
				A5584DA418D123BC001B58BB /* Release */,
			);
			defaultConfigurationIsVisible = 0;
		};
/* End XCConfigurationList section */
	};
	rootObject = A5584D6518D123BB001B58BB /* Project object */;
}
